
Microsoft Visual Studio Solution File, Format Version 12.00
# Visual Studio 15
VisualStudioVersion = 15.0.28307.1340
MinimumVisualStudioVersion = 10.0.40219.1
Project("{8BC9CEB8-8B4A-11D0-8D11-00A0C91BC942}") = "Lab2", "Lab2\Lab2.vcxproj", "{77200E87-CC79-4CF5-91D9-940F3C2535AD}"
EndProject
Global
	GlobalSection(SolutionConfigurationPlatforms) = preSolution
		Debug|x64 = Debug|x64
		Debug|x86 = Debug|x86
		Release|x64 = Release|x64
		Release|x86 = Release|x86
	EndGlobalSection
	GlobalSection(ProjectConfigurationPlatforms) = postSolution
		{77200E87-CC79-4CF5-91D9-940F3C2535AD}.Debug|x64.ActiveCfg = Debug|x64
		{77200E87-CC79-4CF5-91D9-940F3C2535AD}.Debug|x64.Build.0 = Debug|x64
		{77200E87-CC79-4CF5-91D9-940F3C2535AD}.Debug|x86.ActiveCfg = Debug|Win32
		{77200E87-CC79-4CF5-91D9-940F3C2535AD}.Debug|x86.Build.0 = Debug|Win32
		{77200E87-CC79-4CF5-91D9-940F3C2535AD}.Release|x64.ActiveCfg = Release|x64
		{77200E87-CC79-4CF5-91D9-940F3C2535AD}.Release|x64.Build.0 = Release|x64
		{77200E87-CC79-4CF5-91D9-940F3C2535AD}.Release|x86.ActiveCfg = Release|Win32
		{77200E87-CC79-4CF5-91D9-940F3C2535AD}.Release|x86.Build.0 = Release|Win32
	EndGlobalSection
	GlobalSection(SolutionProperties) = preSolution
		HideSolutionNode = FALSE
	EndGlobalSection
	GlobalSection(ExtensibilityGlobals) = postSolution
		SolutionGuid = {8E13B539-9280-4912-A1CD-B9CA94451D05}
	EndGlobalSection
EndGlobal
